// !$*UTF8*$!
{
	archiveVersion = 1;
	classes = {
	};
	objectVersion = 51;
	objects = {

/* Begin PBXBuildFile section */
		7D0F04B18ADAAF529C0A23A8 /* Pods_GitHubIssuesTests.framework in Frameworks */ = {isa = PBXBuildFile; fileRef = 14650EC521C11DCF74E9D93F /* Pods_GitHubIssuesTests.framework */; };
		BBEFF6A5C80D3FF8893374F4 /* Pods_GitHubIssues.framework in Frameworks */ = {isa = PBXBuildFile; fileRef = 99FEE6D225FD6CBE8C6B0DFD /* Pods_GitHubIssues.framework */; };
		EC03E644235B970100E6444A /* Login.storyboard in Resources */ = {isa = PBXBuildFile; fileRef = EC03E643235B970100E6444A /* Login.storyboard */; };
		EC03E647235B98CA00E6444A /* RoundedLoginButton.swift in Sources */ = {isa = PBXBuildFile; fileRef = EC03E646235B98CA00E6444A /* RoundedLoginButton.swift */; };
		EC03E64A235B995000E6444A /* LoginViewController.swift in Sources */ = {isa = PBXBuildFile; fileRef = EC03E649235B995000E6444A /* LoginViewController.swift */; };
		EC03E64D235B999500E6444A /* GitHubLogin.swift in Sources */ = {isa = PBXBuildFile; fileRef = EC03E64C235B999500E6444A /* GitHubLogin.swift */; };
		EC03E64F235B99E900E6444A /* LoginModelError.swift in Sources */ = {isa = PBXBuildFile; fileRef = EC03E64E235B99E900E6444A /* LoginModelError.swift */; };
		EC03E651235B9A7B00E6444A /* LoginDelegate.swift in Sources */ = {isa = PBXBuildFile; fileRef = EC03E650235B9A7B00E6444A /* LoginDelegate.swift */; };
		EC03E653235B9A9A00E6444A /* User.swift in Sources */ = {isa = PBXBuildFile; fileRef = EC03E652235B9A9A00E6444A /* User.swift */; };
		EC03E656235B9DD700E6444A /* UIViewController+Alerts.swift in Sources */ = {isa = PBXBuildFile; fileRef = EC03E655235B9DD700E6444A /* UIViewController+Alerts.swift */; };
		EC03E658235BA54C00E6444A /* UIView+ShowHide.swift in Sources */ = {isa = PBXBuildFile; fileRef = EC03E657235BA54C00E6444A /* UIView+ShowHide.swift */; };
		EC03E65A235BAAC200E6444A /* K.swift in Sources */ = {isa = PBXBuildFile; fileRef = EC03E659235BAAC200E6444A /* K.swift */; };
		EC03E65D235BBA9500E6444A /* AuthState.swift in Sources */ = {isa = PBXBuildFile; fileRef = EC03E65C235BBA9500E6444A /* AuthState.swift */; };
		EC03E660235BBAB100E6444A /* AuthStateError.swift in Sources */ = {isa = PBXBuildFile; fileRef = EC03E65F235BBAB100E6444A /* AuthStateError.swift */; };
		EC03E662235BBABB00E6444A /* AuthStateDelegate.swift in Sources */ = {isa = PBXBuildFile; fileRef = EC03E661235BBABB00E6444A /* AuthStateDelegate.swift */; };
		EC03E666235BC1DB00E6444A /* Login.swift in Sources */ = {isa = PBXBuildFile; fileRef = EC03E665235BC1DB00E6444A /* Login.swift */; };
		EC03E66A235BC9E300E6444A /* Injector.swift in Sources */ = {isa = PBXBuildFile; fileRef = EC03E668235BC7E400E6444A /* Injector.swift */; };
		EC03E66B235BC9E300E6444A /* Injector.swift in Sources */ = {isa = PBXBuildFile; fileRef = EC03E668235BC7E400E6444A /* Injector.swift */; };
		EC0F46F1235B89AC00B1E60B /* AppDelegate.swift in Sources */ = {isa = PBXBuildFile; fileRef = EC0F46F0235B89AC00B1E60B /* AppDelegate.swift */; };
		EC0F46FA235B89AF00B1E60B /* Assets.xcassets in Resources */ = {isa = PBXBuildFile; fileRef = EC0F46F9235B89AF00B1E60B /* Assets.xcassets */; };
		EC0F46FD235B89AF00B1E60B /* LaunchScreen.storyboard in Resources */ = {isa = PBXBuildFile; fileRef = EC0F46FB235B89AF00B1E60B /* LaunchScreen.storyboard */; };
		EC0F4708235B89AF00B1E60B /* GitHubIssuesTests.swift in Sources */ = {isa = PBXBuildFile; fileRef = EC0F4707235B89AF00B1E60B /* GitHubIssuesTests.swift */; };
		EC0F4713235B8CDD00B1E60B /* GoogleService-Info.plist in Resources */ = {isa = PBXBuildFile; fileRef = EC0F4712235B8CDD00B1E60B /* GoogleService-Info.plist */; };
		EC0F4715235B8D6E00B1E60B /* Firebase.swift in Sources */ = {isa = PBXBuildFile; fileRef = EC0F4714235B8D6E00B1E60B /* Firebase.swift */; };
/* End PBXBuildFile section */

/* Begin PBXContainerItemProxy section */
		EC0F4704235B89AF00B1E60B /* PBXContainerItemProxy */ = {
			isa = PBXContainerItemProxy;
			containerPortal = EC0F46E5235B89AC00B1E60B /* Project object */;
			proxyType = 1;
			remoteGlobalIDString = EC0F46EC235B89AC00B1E60B;
			remoteInfo = GitHubIssues;
		};
/* End PBXContainerItemProxy section */

/* Begin PBXFileReference section */
		0A301099E136FE82A39A64E2 /* Pods-GitHubIssuesTests.release.xcconfig */ = {isa = PBXFileReference; includeInIndex = 1; lastKnownFileType = text.xcconfig; name = "Pods-GitHubIssuesTests.release.xcconfig"; path = "Target Support Files/Pods-GitHubIssuesTests/Pods-GitHubIssuesTests.release.xcconfig"; sourceTree = "<group>"; };
		14650EC521C11DCF74E9D93F /* Pods_GitHubIssuesTests.framework */ = {isa = PBXFileReference; explicitFileType = wrapper.framework; includeInIndex = 0; path = Pods_GitHubIssuesTests.framework; sourceTree = BUILT_PRODUCTS_DIR; };
		41CA9A4B0132D8457AC75BE2 /* Pods-GitHubIssuesTests.debug.xcconfig */ = {isa = PBXFileReference; includeInIndex = 1; lastKnownFileType = text.xcconfig; name = "Pods-GitHubIssuesTests.debug.xcconfig"; path = "Target Support Files/Pods-GitHubIssuesTests/Pods-GitHubIssuesTests.debug.xcconfig"; sourceTree = "<group>"; };
		855D9D0F0772AB6EA3314361 /* Pods-GitHubIssues.release.xcconfig */ = {isa = PBXFileReference; includeInIndex = 1; lastKnownFileType = text.xcconfig; name = "Pods-GitHubIssues.release.xcconfig"; path = "Target Support Files/Pods-GitHubIssues/Pods-GitHubIssues.release.xcconfig"; sourceTree = "<group>"; };
		99FEE6D225FD6CBE8C6B0DFD /* Pods_GitHubIssues.framework */ = {isa = PBXFileReference; explicitFileType = wrapper.framework; includeInIndex = 0; path = Pods_GitHubIssues.framework; sourceTree = BUILT_PRODUCTS_DIR; };
		BFDCB58ABCB77FF2445D3315 /* Pods-GitHubIssues.debug.xcconfig */ = {isa = PBXFileReference; includeInIndex = 1; lastKnownFileType = text.xcconfig; name = "Pods-GitHubIssues.debug.xcconfig"; path = "Target Support Files/Pods-GitHubIssues/Pods-GitHubIssues.debug.xcconfig"; sourceTree = "<group>"; };
		EC03E643235B970100E6444A /* Login.storyboard */ = {isa = PBXFileReference; lastKnownFileType = file.storyboard; path = Login.storyboard; sourceTree = "<group>"; };
		EC03E646235B98CA00E6444A /* RoundedLoginButton.swift */ = {isa = PBXFileReference; lastKnownFileType = sourcecode.swift; path = RoundedLoginButton.swift; sourceTree = "<group>"; };
		EC03E649235B995000E6444A /* LoginViewController.swift */ = {isa = PBXFileReference; lastKnownFileType = sourcecode.swift; path = LoginViewController.swift; sourceTree = "<group>"; };
		EC03E64C235B999500E6444A /* GitHubLogin.swift */ = {isa = PBXFileReference; lastKnownFileType = sourcecode.swift; path = GitHubLogin.swift; sourceTree = "<group>"; };
		EC03E64E235B99E900E6444A /* LoginModelError.swift */ = {isa = PBXFileReference; lastKnownFileType = sourcecode.swift; path = LoginModelError.swift; sourceTree = "<group>"; };
		EC03E650235B9A7B00E6444A /* LoginDelegate.swift */ = {isa = PBXFileReference; lastKnownFileType = sourcecode.swift; path = LoginDelegate.swift; sourceTree = "<group>"; };
		EC03E652235B9A9A00E6444A /* User.swift */ = {isa = PBXFileReference; lastKnownFileType = sourcecode.swift; path = User.swift; sourceTree = "<group>"; };
		EC03E655235B9DD700E6444A /* UIViewController+Alerts.swift */ = {isa = PBXFileReference; lastKnownFileType = sourcecode.swift; path = "UIViewController+Alerts.swift"; sourceTree = "<group>"; };
		EC03E657235BA54C00E6444A /* UIView+ShowHide.swift */ = {isa = PBXFileReference; lastKnownFileType = sourcecode.swift; path = "UIView+ShowHide.swift"; sourceTree = "<group>"; };
		EC03E659235BAAC200E6444A /* K.swift */ = {isa = PBXFileReference; lastKnownFileType = sourcecode.swift; path = K.swift; sourceTree = "<group>"; };
		EC03E65C235BBA9500E6444A /* AuthState.swift */ = {isa = PBXFileReference; lastKnownFileType = sourcecode.swift; path = AuthState.swift; sourceTree = "<group>"; };
		EC03E65F235BBAB100E6444A /* AuthStateError.swift */ = {isa = PBXFileReference; lastKnownFileType = sourcecode.swift; path = AuthStateError.swift; sourceTree = "<group>"; };
		EC03E661235BBABB00E6444A /* AuthStateDelegate.swift */ = {isa = PBXFileReference; lastKnownFileType = sourcecode.swift; path = AuthStateDelegate.swift; sourceTree = "<group>"; };
		EC03E665235BC1DB00E6444A /* Login.swift */ = {isa = PBXFileReference; lastKnownFileType = sourcecode.swift; path = Login.swift; sourceTree = "<group>"; };
		EC03E668235BC7E400E6444A /* Injector.swift */ = {isa = PBXFileReference; lastKnownFileType = sourcecode.swift; path = Injector.swift; sourceTree = "<group>"; };
		EC0F46ED235B89AC00B1E60B /* GitHub Issues.app */ = {isa = PBXFileReference; explicitFileType = wrapper.application; includeInIndex = 0; path = "GitHub Issues.app"; sourceTree = BUILT_PRODUCTS_DIR; };
		EC0F46F0235B89AC00B1E60B /* AppDelegate.swift */ = {isa = PBXFileReference; lastKnownFileType = sourcecode.swift; path = AppDelegate.swift; sourceTree = "<group>"; };
		EC0F46F9235B89AF00B1E60B /* Assets.xcassets */ = {isa = PBXFileReference; lastKnownFileType = folder.assetcatalog; path = Assets.xcassets; sourceTree = "<group>"; };
		EC0F46FC235B89AF00B1E60B /* Base */ = {isa = PBXFileReference; lastKnownFileType = file.storyboard; name = Base; path = Base.lproj/LaunchScreen.storyboard; sourceTree = "<group>"; };
		EC0F46FE235B89AF00B1E60B /* Info.plist */ = {isa = PBXFileReference; lastKnownFileType = text.plist.xml; path = Info.plist; sourceTree = "<group>"; };
		EC0F4703235B89AF00B1E60B /* GitHubIssuesTests.xctest */ = {isa = PBXFileReference; explicitFileType = wrapper.cfbundle; includeInIndex = 0; path = GitHubIssuesTests.xctest; sourceTree = BUILT_PRODUCTS_DIR; };
		EC0F4707235B89AF00B1E60B /* GitHubIssuesTests.swift */ = {isa = PBXFileReference; lastKnownFileType = sourcecode.swift; path = GitHubIssuesTests.swift; sourceTree = "<group>"; };
		EC0F4709235B89AF00B1E60B /* Info.plist */ = {isa = PBXFileReference; lastKnownFileType = text.plist.xml; path = Info.plist; sourceTree = "<group>"; };
		EC0F4712235B8CDD00B1E60B /* GoogleService-Info.plist */ = {isa = PBXFileReference; fileEncoding = 4; lastKnownFileType = text.plist.xml; path = "GoogleService-Info.plist"; sourceTree = "<group>"; };
		EC0F4714235B8D6E00B1E60B /* Firebase.swift */ = {isa = PBXFileReference; lastKnownFileType = sourcecode.swift; path = Firebase.swift; sourceTree = "<group>"; };
/* End PBXFileReference section */

/* Begin PBXFrameworksBuildPhase section */
		EC0F46EA235B89AC00B1E60B /* Frameworks */ = {
			isa = PBXFrameworksBuildPhase;
			buildActionMask = 2147483647;
			files = (
				BBEFF6A5C80D3FF8893374F4 /* Pods_GitHubIssues.framework in Frameworks */,
			);
			runOnlyForDeploymentPostprocessing = 0;
		};
		EC0F4700235B89AF00B1E60B /* Frameworks */ = {
			isa = PBXFrameworksBuildPhase;
			buildActionMask = 2147483647;
			files = (
				7D0F04B18ADAAF529C0A23A8 /* Pods_GitHubIssuesTests.framework in Frameworks */,
			);
			runOnlyForDeploymentPostprocessing = 0;
		};
/* End PBXFrameworksBuildPhase section */

/* Begin PBXGroup section */
		70FA4919E4AD8E7584859C1A /* Pods */ = {
			isa = PBXGroup;
			children = (
				BFDCB58ABCB77FF2445D3315 /* Pods-GitHubIssues.debug.xcconfig */,
				855D9D0F0772AB6EA3314361 /* Pods-GitHubIssues.release.xcconfig */,
				41CA9A4B0132D8457AC75BE2 /* Pods-GitHubIssuesTests.debug.xcconfig */,
				0A301099E136FE82A39A64E2 /* Pods-GitHubIssuesTests.release.xcconfig */,
			);
			path = Pods;
			sourceTree = "<group>";
		};
		EC03E63D235B903500E6444A /* View Controllers */ = {
			isa = PBXGroup;
			children = (
				EC03E63F235B904E00E6444A /* Login */,
			);
			name = "View Controllers";
			sourceTree = "<group>";
		};
		EC03E63F235B904E00E6444A /* Login */ = {
			isa = PBXGroup;
			children = (
				EC03E645235B98B500E6444A /* View */,
				EC03E648235B993B00E6444A /* Controller */,
				EC03E64B235B997A00E6444A /* Model */,
			);
			name = Login;
			sourceTree = "<group>";
		};
		EC03E640235B968900E6444A /* Resources */ = {
			isa = PBXGroup;
			children = (
				EC0F46F9235B89AF00B1E60B /* Assets.xcassets */,
			);
			name = Resources;
			sourceTree = "<group>";
		};
		EC03E641235B969D00E6444A /* Metadata */ = {
			isa = PBXGroup;
			children = (
				EC0F4712235B8CDD00B1E60B /* GoogleService-Info.plist */,
				EC0F46FE235B89AF00B1E60B /* Info.plist */,
			);
			name = Metadata;
			sourceTree = "<group>";
		};
		EC03E642235B96B500E6444A /* Namespaces */ = {
			isa = PBXGroup;
			children = (
				EC0F4714235B8D6E00B1E60B /* Firebase.swift */,
				EC03E659235BAAC200E6444A /* K.swift */,
				EC03E668235BC7E400E6444A /* Injector.swift */,
			);
			name = Namespaces;
			sourceTree = "<group>";
		};
		EC03E645235B98B500E6444A /* View */ = {
			isa = PBXGroup;
			children = (
				EC03E643235B970100E6444A /* Login.storyboard */,
				EC03E646235B98CA00E6444A /* RoundedLoginButton.swift */,
			);
			name = View;
			sourceTree = "<group>";
		};
		EC03E648235B993B00E6444A /* Controller */ = {
			isa = PBXGroup;
			children = (
				EC03E649235B995000E6444A /* LoginViewController.swift */,
			);
			name = Controller;
			sourceTree = "<group>";
		};
		EC03E64B235B997A00E6444A /* Model */ = {
			isa = PBXGroup;
			children = (
				EC03E65E235BBA9B00E6444A /* AuthState */,
				EC03E65B235BBA7700E6444A /* Login */,
			);
			name = Model;
			sourceTree = "<group>";
		};
		EC03E654235B9DBA00E6444A /* Extensions */ = {
			isa = PBXGroup;
			children = (
				EC03E655235B9DD700E6444A /* UIViewController+Alerts.swift */,
				EC03E657235BA54C00E6444A /* UIView+ShowHide.swift */,
			);
			name = Extensions;
			sourceTree = "<group>";
		};
		EC03E65B235BBA7700E6444A /* Login */ = {
			isa = PBXGroup;
			children = (
				EC03E667235BC28700E6444A /* Concrete */,
				EC03E665235BC1DB00E6444A /* Login.swift */,
				EC03E650235B9A7B00E6444A /* LoginDelegate.swift */,
				EC03E64E235B99E900E6444A /* LoginModelError.swift */,
				EC03E652235B9A9A00E6444A /* User.swift */,
			);
			name = Login;
			sourceTree = "<group>";
		};
		EC03E65E235BBA9B00E6444A /* AuthState */ = {
			isa = PBXGroup;
			children = (
				EC03E65C235BBA9500E6444A /* AuthState.swift */,
				EC03E661235BBABB00E6444A /* AuthStateDelegate.swift */,
				EC03E65F235BBAB100E6444A /* AuthStateError.swift */,
			);
			name = AuthState;
			sourceTree = "<group>";
		};
		EC03E667235BC28700E6444A /* Concrete */ = {
			isa = PBXGroup;
			children = (
				EC03E64C235B999500E6444A /* GitHubLogin.swift */,
			);
			name = Concrete;
			sourceTree = "<group>";
		};
		EC0F46E4235B89AC00B1E60B = {
			isa = PBXGroup;
			children = (
				EC0F46EF235B89AC00B1E60B /* GitHubIssues */,
				EC0F4706235B89AF00B1E60B /* GitHubIssuesTests */,
				EC0F46EE235B89AC00B1E60B /* Products */,
				70FA4919E4AD8E7584859C1A /* Pods */,
				EE64D134303D7C38DB6D1583 /* Frameworks */,
			);
			sourceTree = "<group>";
		};
		EC0F46EE235B89AC00B1E60B /* Products */ = {
			isa = PBXGroup;
			children = (
				EC0F46ED235B89AC00B1E60B /* GitHub Issues.app */,
				EC0F4703235B89AF00B1E60B /* GitHubIssuesTests.xctest */,
			);
			name = Products;
			sourceTree = "<group>";
		};
		EC0F46EF235B89AC00B1E60B /* GitHubIssues */ = {
			isa = PBXGroup;
			children = (
				EC03E63D235B903500E6444A /* View Controllers */,
				EC03E654235B9DBA00E6444A /* Extensions */,
				EC03E642235B96B500E6444A /* Namespaces */,
				EC03E641235B969D00E6444A /* Metadata */,
				EC03E640235B968900E6444A /* Resources */,
				EC0F46F0235B89AC00B1E60B /* AppDelegate.swift */,
				EC0F46FB235B89AF00B1E60B /* LaunchScreen.storyboard */,
			);
			path = GitHubIssues;
			sourceTree = "<group>";
		};
		EC0F4706235B89AF00B1E60B /* GitHubIssuesTests */ = {
			isa = PBXGroup;
			children = (
				EC0F4707235B89AF00B1E60B /* GitHubIssuesTests.swift */,
				EC0F4709235B89AF00B1E60B /* Info.plist */,
			);
			path = GitHubIssuesTests;
			sourceTree = "<group>";
		};
		EE64D134303D7C38DB6D1583 /* Frameworks */ = {
			isa = PBXGroup;
			children = (
				99FEE6D225FD6CBE8C6B0DFD /* Pods_GitHubIssues.framework */,
				14650EC521C11DCF74E9D93F /* Pods_GitHubIssuesTests.framework */,
			);
			name = Frameworks;
			sourceTree = "<group>";
		};
/* End PBXGroup section */

/* Begin PBXNativeTarget section */
		EC0F46EC235B89AC00B1E60B /* GitHubIssues */ = {
			isa = PBXNativeTarget;
			buildConfigurationList = EC0F470C235B89AF00B1E60B /* Build configuration list for PBXNativeTarget "GitHubIssues" */;
			buildPhases = (
				F241D9AA54B97B56A7AD0280 /* [CP] Check Pods Manifest.lock */,
				EC0F46E9235B89AC00B1E60B /* Sources */,
				EC0F46EA235B89AC00B1E60B /* Frameworks */,
				EC0F46EB235B89AC00B1E60B /* Resources */,
				B808CAAD00AA5C9BA766A33D /* [CP] Embed Pods Frameworks */,
			);
			buildRules = (
			);
			dependencies = (
			);
			name = GitHubIssues;
			productName = GitHubIssues;
			productReference = EC0F46ED235B89AC00B1E60B /* GitHub Issues.app */;
			productType = "com.apple.product-type.application";
		};
		EC0F4702235B89AF00B1E60B /* GitHubIssuesTests */ = {
			isa = PBXNativeTarget;
			buildConfigurationList = EC0F470F235B89AF00B1E60B /* Build configuration list for PBXNativeTarget "GitHubIssuesTests" */;
			buildPhases = (
				B6B6738942EA9E63283885CD /* [CP] Check Pods Manifest.lock */,
				EC0F46FF235B89AF00B1E60B /* Sources */,
				EC0F4700235B89AF00B1E60B /* Frameworks */,
				EC0F4701235B89AF00B1E60B /* Resources */,
			);
			buildRules = (
			);
			dependencies = (
				EC0F4705235B89AF00B1E60B /* PBXTargetDependency */,
			);
			name = GitHubIssuesTests;
			productName = GitHubIssuesTests;
			productReference = EC0F4703235B89AF00B1E60B /* GitHubIssuesTests.xctest */;
			productType = "com.apple.product-type.bundle.unit-test";
		};
/* End PBXNativeTarget section */

/* Begin PBXProject section */
		EC0F46E5235B89AC00B1E60B /* Project object */ = {
			isa = PBXProject;
			attributes = {
				LastSwiftUpdateCheck = 1100;
				LastUpgradeCheck = 1100;
				ORGANIZATIONNAME = "Gustavo Almeida Amaral";
				TargetAttributes = {
					EC0F46EC235B89AC00B1E60B = {
						CreatedOnToolsVersion = 11.0;
					};
					EC0F4702235B89AF00B1E60B = {
						CreatedOnToolsVersion = 11.0;
						TestTargetID = EC0F46EC235B89AC00B1E60B;
					};
				};
			};
			buildConfigurationList = EC0F46E8235B89AC00B1E60B /* Build configuration list for PBXProject "GitHubIssues" */;
			compatibilityVersion = "Xcode 9.3";
			developmentRegion = en;
			hasScannedForEncodings = 0;
			knownRegions = (
				en,
				Base,
			);
			mainGroup = EC0F46E4235B89AC00B1E60B;
			productRefGroup = EC0F46EE235B89AC00B1E60B /* Products */;
			projectDirPath = "";
			projectRoot = "";
			targets = (
				EC0F46EC235B89AC00B1E60B /* GitHubIssues */,
				EC0F4702235B89AF00B1E60B /* GitHubIssuesTests */,
			);
		};
/* End PBXProject section */

/* Begin PBXResourcesBuildPhase section */
		EC0F46EB235B89AC00B1E60B /* Resources */ = {
			isa = PBXResourcesBuildPhase;
			buildActionMask = 2147483647;
			files = (
				EC0F46FD235B89AF00B1E60B /* LaunchScreen.storyboard in Resources */,
				EC0F4713235B8CDD00B1E60B /* GoogleService-Info.plist in Resources */,
				EC0F46FA235B89AF00B1E60B /* Assets.xcassets in Resources */,
				EC03E644235B970100E6444A /* Login.storyboard in Resources */,
			);
			runOnlyForDeploymentPostprocessing = 0;
		};
		EC0F4701235B89AF00B1E60B /* Resources */ = {
			isa = PBXResourcesBuildPhase;
			buildActionMask = 2147483647;
			files = (
			);
			runOnlyForDeploymentPostprocessing = 0;
		};
/* End PBXResourcesBuildPhase section */

/* Begin PBXShellScriptBuildPhase section */
		B6B6738942EA9E63283885CD /* [CP] Check Pods Manifest.lock */ = {
			isa = PBXShellScriptBuildPhase;
			buildActionMask = 2147483647;
			files = (
			);
			inputFileListPaths = (
			);
			inputPaths = (
				"${PODS_PODFILE_DIR_PATH}/Podfile.lock",
				"${PODS_ROOT}/Manifest.lock",
			);
			name = "[CP] Check Pods Manifest.lock";
			outputFileListPaths = (
			);
			outputPaths = (
				"$(DERIVED_FILE_DIR)/Pods-GitHubIssuesTests-checkManifestLockResult.txt",
			);
			runOnlyForDeploymentPostprocessing = 0;
			shellPath = /bin/sh;
			shellScript = "diff \"${PODS_PODFILE_DIR_PATH}/Podfile.lock\" \"${PODS_ROOT}/Manifest.lock\" > /dev/null\nif [ $? != 0 ] ; then\n    # print error to STDERR\n    echo \"error: The sandbox is not in sync with the Podfile.lock. Run 'pod install' or update your CocoaPods installation.\" >&2\n    exit 1\nfi\n# This output is used by Xcode 'outputs' to avoid re-running this script phase.\necho \"SUCCESS\" > \"${SCRIPT_OUTPUT_FILE_0}\"\n";
			showEnvVarsInLog = 0;
		};
		B808CAAD00AA5C9BA766A33D /* [CP] Embed Pods Frameworks */ = {
			isa = PBXShellScriptBuildPhase;
			buildActionMask = 2147483647;
			files = (
			);
			inputFileListPaths = (
				"${PODS_ROOT}/Target Support Files/Pods-GitHubIssues/Pods-GitHubIssues-frameworks-${CONFIGURATION}-input-files.xcfilelist",
			);
			name = "[CP] Embed Pods Frameworks";
			outputFileListPaths = (
				"${PODS_ROOT}/Target Support Files/Pods-GitHubIssues/Pods-GitHubIssues-frameworks-${CONFIGURATION}-output-files.xcfilelist",
			);
			runOnlyForDeploymentPostprocessing = 0;
			shellPath = /bin/sh;
			shellScript = "\"${PODS_ROOT}/Target Support Files/Pods-GitHubIssues/Pods-GitHubIssues-frameworks.sh\"\n";
			showEnvVarsInLog = 0;
		};
		F241D9AA54B97B56A7AD0280 /* [CP] Check Pods Manifest.lock */ = {
			isa = PBXShellScriptBuildPhase;
			buildActionMask = 2147483647;
			files = (
			);
			inputFileListPaths = (
			);
			inputPaths = (
				"${PODS_PODFILE_DIR_PATH}/Podfile.lock",
				"${PODS_ROOT}/Manifest.lock",
			);
			name = "[CP] Check Pods Manifest.lock";
			outputFileListPaths = (
			);
			outputPaths = (
				"$(DERIVED_FILE_DIR)/Pods-GitHubIssues-checkManifestLockResult.txt",
			);
			runOnlyForDeploymentPostprocessing = 0;
			shellPath = /bin/sh;
			shellScript = "diff \"${PODS_PODFILE_DIR_PATH}/Podfile.lock\" \"${PODS_ROOT}/Manifest.lock\" > /dev/null\nif [ $? != 0 ] ; then\n    # print error to STDERR\n    echo \"error: The sandbox is not in sync with the Podfile.lock. Run 'pod install' or update your CocoaPods installation.\" >&2\n    exit 1\nfi\n# This output is used by Xcode 'outputs' to avoid re-running this script phase.\necho \"SUCCESS\" > \"${SCRIPT_OUTPUT_FILE_0}\"\n";
			showEnvVarsInLog = 0;
		};
/* End PBXShellScriptBuildPhase section */

/* Begin PBXSourcesBuildPhase section */
		EC0F46E9235B89AC00B1E60B /* Sources */ = {
			isa = PBXSourcesBuildPhase;
			buildActionMask = 2147483647;
			files = (
				EC03E662235BBABB00E6444A /* AuthStateDelegate.swift in Sources */,
				EC03E666235BC1DB00E6444A /* Login.swift in Sources */,
				EC03E64A235B995000E6444A /* LoginViewController.swift in Sources */,
				EC03E64D235B999500E6444A /* GitHubLogin.swift in Sources */,
				EC03E647235B98CA00E6444A /* RoundedLoginButton.swift in Sources */,
				EC03E656235B9DD700E6444A /* UIViewController+Alerts.swift in Sources */,
				EC03E65A235BAAC200E6444A /* K.swift in Sources */,
				EC03E64F235B99E900E6444A /* LoginModelError.swift in Sources */,
				EC03E660235BBAB100E6444A /* AuthStateError.swift in Sources */,
				EC03E66A235BC9E300E6444A /* Injector.swift in Sources */,
				EC0F46F1235B89AC00B1E60B /* AppDelegate.swift in Sources */,
				EC03E658235BA54C00E6444A /* UIView+ShowHide.swift in Sources */,
				EC0F4715235B8D6E00B1E60B /* Firebase.swift in Sources */,
				EC03E653235B9A9A00E6444A /* User.swift in Sources */,
				EC03E651235B9A7B00E6444A /* LoginDelegate.swift in Sources */,
				EC03E65D235BBA9500E6444A /* AuthState.swift in Sources */,
			);
			runOnlyForDeploymentPostprocessing = 0;
		};
		EC0F46FF235B89AF00B1E60B /* Sources */ = {
			isa = PBXSourcesBuildPhase;
			buildActionMask = 2147483647;
			files = (
				EC0F4708235B89AF00B1E60B /* GitHubIssuesTests.swift in Sources */,
				EC03E66B235BC9E300E6444A /* Injector.swift in Sources */,
			);
			runOnlyForDeploymentPostprocessing = 0;
		};
/* End PBXSourcesBuildPhase section */

/* Begin PBXTargetDependency section */
		EC0F4705235B89AF00B1E60B /* PBXTargetDependency */ = {
			isa = PBXTargetDependency;
			target = EC0F46EC235B89AC00B1E60B /* GitHubIssues */;
			targetProxy = EC0F4704235B89AF00B1E60B /* PBXContainerItemProxy */;
		};
/* End PBXTargetDependency section */

/* Begin PBXVariantGroup section */
		EC0F46FB235B89AF00B1E60B /* LaunchScreen.storyboard */ = {
			isa = PBXVariantGroup;
			children = (
				EC0F46FC235B89AF00B1E60B /* Base */,
			);
			name = LaunchScreen.storyboard;
			sourceTree = "<group>";
		};
/* End PBXVariantGroup section */

/* Begin XCBuildConfiguration section */
		EC0F470A235B89AF00B1E60B /* Debug */ = {
			isa = XCBuildConfiguration;
			buildSettings = {
				ALWAYS_SEARCH_USER_PATHS = NO;
				CLANG_ANALYZER_NONNULL = YES;
				CLANG_ANALYZER_NUMBER_OBJECT_CONVERSION = YES_AGGRESSIVE;
				CLANG_CXX_LANGUAGE_STANDARD = "gnu++14";
				CLANG_CXX_LIBRARY = "libc++";
				CLANG_ENABLE_MODULES = YES;
				CLANG_ENABLE_OBJC_ARC = YES;
				CLANG_ENABLE_OBJC_WEAK = YES;
				CLANG_WARN_BLOCK_CAPTURE_AUTORELEASING = YES;
				CLANG_WARN_BOOL_CONVERSION = YES;
				CLANG_WARN_COMMA = YES;
				CLANG_WARN_CONSTANT_CONVERSION = YES;
				CLANG_WARN_DEPRECATED_OBJC_IMPLEMENTATIONS = YES;
				CLANG_WARN_DIRECT_OBJC_ISA_USAGE = YES_ERROR;
				CLANG_WARN_DOCUMENTATION_COMMENTS = YES;
				CLANG_WARN_EMPTY_BODY = YES;
				CLANG_WARN_ENUM_CONVERSION = YES;
				CLANG_WARN_INFINITE_RECURSION = YES;
				CLANG_WARN_INT_CONVERSION = YES;
				CLANG_WARN_NON_LITERAL_NULL_CONVERSION = YES;
				CLANG_WARN_OBJC_IMPLICIT_RETAIN_SELF = YES;
				CLANG_WARN_OBJC_LITERAL_CONVERSION = YES;
				CLANG_WARN_OBJC_ROOT_CLASS = YES_ERROR;
				CLANG_WARN_RANGE_LOOP_ANALYSIS = YES;
				CLANG_WARN_STRICT_PROTOTYPES = YES;
				CLANG_WARN_SUSPICIOUS_MOVE = YES;
				CLANG_WARN_UNGUARDED_AVAILABILITY = YES_AGGRESSIVE;
				CLANG_WARN_UNREACHABLE_CODE = YES;
				CLANG_WARN__DUPLICATE_METHOD_MATCH = YES;
				COPY_PHASE_STRIP = NO;
				DEBUG_INFORMATION_FORMAT = dwarf;
				ENABLE_STRICT_OBJC_MSGSEND = YES;
				ENABLE_TESTABILITY = YES;
				GCC_C_LANGUAGE_STANDARD = gnu11;
				GCC_DYNAMIC_NO_PIC = NO;
				GCC_NO_COMMON_BLOCKS = YES;
				GCC_OPTIMIZATION_LEVEL = 0;
				GCC_PREPROCESSOR_DEFINITIONS = (
					"DEBUG=1",
					"$(inherited)",
				);
				GCC_WARN_64_TO_32_BIT_CONVERSION = YES;
				GCC_WARN_ABOUT_RETURN_TYPE = YES_ERROR;
				GCC_WARN_UNDECLARED_SELECTOR = YES;
				GCC_WARN_UNINITIALIZED_AUTOS = YES_AGGRESSIVE;
				GCC_WARN_UNUSED_FUNCTION = YES;
				GCC_WARN_UNUSED_VARIABLE = YES;
				IPHONEOS_DEPLOYMENT_TARGET = 13.0;
				MTL_ENABLE_DEBUG_INFO = INCLUDE_SOURCE;
				MTL_FAST_MATH = YES;
				ONLY_ACTIVE_ARCH = YES;
				SDKROOT = iphoneos;
				SWIFT_ACTIVE_COMPILATION_CONDITIONS = DEBUG;
				SWIFT_OPTIMIZATION_LEVEL = "-Onone";
			};
			name = Debug;
		};
		EC0F470B235B89AF00B1E60B /* Release */ = {
			isa = XCBuildConfiguration;
			buildSettings = {
				ALWAYS_SEARCH_USER_PATHS = NO;
				CLANG_ANALYZER_NONNULL = YES;
				CLANG_ANALYZER_NUMBER_OBJECT_CONVERSION = YES_AGGRESSIVE;
				CLANG_CXX_LANGUAGE_STANDARD = "gnu++14";
				CLANG_CXX_LIBRARY = "libc++";
				CLANG_ENABLE_MODULES = YES;
				CLANG_ENABLE_OBJC_ARC = YES;
				CLANG_ENABLE_OBJC_WEAK = YES;
				CLANG_WARN_BLOCK_CAPTURE_AUTORELEASING = YES;
				CLANG_WARN_BOOL_CONVERSION = YES;
				CLANG_WARN_COMMA = YES;
				CLANG_WARN_CONSTANT_CONVERSION = YES;
				CLANG_WARN_DEPRECATED_OBJC_IMPLEMENTATIONS = YES;
				CLANG_WARN_DIRECT_OBJC_ISA_USAGE = YES_ERROR;
				CLANG_WARN_DOCUMENTATION_COMMENTS = YES;
				CLANG_WARN_EMPTY_BODY = YES;
				CLANG_WARN_ENUM_CONVERSION = YES;
				CLANG_WARN_INFINITE_RECURSION = YES;
				CLANG_WARN_INT_CONVERSION = YES;
				CLANG_WARN_NON_LITERAL_NULL_CONVERSION = YES;
				CLANG_WARN_OBJC_IMPLICIT_RETAIN_SELF = YES;
				CLANG_WARN_OBJC_LITERAL_CONVERSION = YES;
				CLANG_WARN_OBJC_ROOT_CLASS = YES_ERROR;
				CLANG_WARN_RANGE_LOOP_ANALYSIS = YES;
				CLANG_WARN_STRICT_PROTOTYPES = YES;
				CLANG_WARN_SUSPICIOUS_MOVE = YES;
				CLANG_WARN_UNGUARDED_AVAILABILITY = YES_AGGRESSIVE;
				CLANG_WARN_UNREACHABLE_CODE = YES;
				CLANG_WARN__DUPLICATE_METHOD_MATCH = YES;
				COPY_PHASE_STRIP = NO;
				DEBUG_INFORMATION_FORMAT = "dwarf-with-dsym";
				ENABLE_NS_ASSERTIONS = NO;
				ENABLE_STRICT_OBJC_MSGSEND = YES;
				GCC_C_LANGUAGE_STANDARD = gnu11;
				GCC_NO_COMMON_BLOCKS = YES;
				GCC_WARN_64_TO_32_BIT_CONVERSION = YES;
				GCC_WARN_ABOUT_RETURN_TYPE = YES_ERROR;
				GCC_WARN_UNDECLARED_SELECTOR = YES;
				GCC_WARN_UNINITIALIZED_AUTOS = YES_AGGRESSIVE;
				GCC_WARN_UNUSED_FUNCTION = YES;
				GCC_WARN_UNUSED_VARIABLE = YES;
				IPHONEOS_DEPLOYMENT_TARGET = 13.0;
				MTL_ENABLE_DEBUG_INFO = NO;
				MTL_FAST_MATH = YES;
				SDKROOT = iphoneos;
				SWIFT_COMPILATION_MODE = wholemodule;
				SWIFT_OPTIMIZATION_LEVEL = "-O";
				VALIDATE_PRODUCT = YES;
			};
			name = Release;
		};
		EC0F470D235B89AF00B1E60B /* Debug */ = {
			isa = XCBuildConfiguration;
			baseConfigurationReference = BFDCB58ABCB77FF2445D3315 /* Pods-GitHubIssues.debug.xcconfig */;
			buildSettings = {
				ASSETCATALOG_COMPILER_APPICON_NAME = AppIcon;
				CODE_SIGN_STYLE = Automatic;
				DEVELOPMENT_TEAM = 4EQ948BHF9;
				INFOPLIST_FILE = GitHubIssues/Info.plist;
				LD_RUNPATH_SEARCH_PATHS = (
					"$(inherited)",
					"@executable_path/Frameworks",
				);
				PRODUCT_BUNDLE_IDENTIFIER = com.almeidaws.GitHubIssues;
				PRODUCT_NAME = "GitHub Issues";
				SWIFT_VERSION = 5.0;
				TARGETED_DEVICE_FAMILY = 1;
			};
			name = Debug;
		};
		EC0F470E235B89AF00B1E60B /* Release */ = {
			isa = XCBuildConfiguration;
			baseConfigurationReference = 855D9D0F0772AB6EA3314361 /* Pods-GitHubIssues.release.xcconfig */;
			buildSettings = {
				ASSETCATALOG_COMPILER_APPICON_NAME = AppIcon;
				CODE_SIGN_STYLE = Automatic;
				DEVELOPMENT_TEAM = 4EQ948BHF9;
				INFOPLIST_FILE = GitHubIssues/Info.plist;
				LD_RUNPATH_SEARCH_PATHS = (
					"$(inherited)",
					"@executable_path/Frameworks",
				);
				PRODUCT_BUNDLE_IDENTIFIER = com.almeidaws.GitHubIssues;
				PRODUCT_NAME = "GitHub Issues";
				SWIFT_VERSION = 5.0;
				TARGETED_DEVICE_FAMILY = 1;
			};
			name = Release;
		};
		EC0F4710235B89AF00B1E60B /* Debug */ = {
			isa = XCBuildConfiguration;
			baseConfigurationReference = 41CA9A4B0132D8457AC75BE2 /* Pods-GitHubIssuesTests.debug.xcconfig */;
			buildSettings = {
				ALWAYS_EMBED_SWIFT_STANDARD_LIBRARIES = YES;
				BUNDLE_LOADER = "$(TEST_HOST)";
				CODE_SIGN_STYLE = Automatic;
				DEVELOPMENT_TEAM = 4EQ948BHF9;
				INFOPLIST_FILE = GitHubIssuesTests/Info.plist;
				IPHONEOS_DEPLOYMENT_TARGET = 13.0;
				LD_RUNPATH_SEARCH_PATHS = (
					"$(inherited)",
					"@executable_path/Frameworks",
					"@loader_path/Frameworks",
				);
				PRODUCT_BUNDLE_IDENTIFIER = com.almeidaws.GitHubIssuesTests;
				PRODUCT_NAME = "$(TARGET_NAME)";
				SWIFT_VERSION = 5.0;
				TARGETED_DEVICE_FAMILY = "1,2";
				TEST_HOST = "$(BUILT_PRODUCTS_DIR)/GitHubIssues.app/GitHubIssues";
			};
			name = Debug;
		};
		EC0F4711235B89AF00B1E60B /* Release */ = {
			isa = XCBuildConfiguration;
			baseConfigurationReference = 0A301099E136FE82A39A64E2 /* Pods-GitHubIssuesTests.release.xcconfig */;
			buildSettings = {
				ALWAYS_EMBED_SWIFT_STANDARD_LIBRARIES = YES;
				BUNDLE_LOADER = "$(TEST_HOST)";
				CODE_SIGN_STYLE = Automatic;
				DEVELOPMENT_TEAM = 4EQ948BHF9;
				INFOPLIST_FILE = GitHubIssuesTests/Info.plist;
				IPHONEOS_DEPLOYMENT_TARGET = 13.0;
				LD_RUNPATH_SEARCH_PATHS = (
					"$(inherited)",
					"@executable_path/Frameworks",
					"@loader_path/Frameworks",
				);
				PRODUCT_BUNDLE_IDENTIFIER = com.almeidaws.GitHubIssuesTests;
				PRODUCT_NAME = "$(TARGET_NAME)";
				SWIFT_VERSION = 5.0;
				TARGETED_DEVICE_FAMILY = "1,2";
				TEST_HOST = "$(BUILT_PRODUCTS_DIR)/GitHubIssues.app/GitHubIssues";
			};
			name = Release;
		};
/* End XCBuildConfiguration section */

/* Begin XCConfigurationList section */
		EC0F46E8235B89AC00B1E60B /* Build configuration list for PBXProject "GitHubIssues" */ = {
			isa = XCConfigurationList;
			buildConfigurations = (
				EC0F470A235B89AF00B1E60B /* Debug */,
				EC0F470B235B89AF00B1E60B /* Release */,
			);
			defaultConfigurationIsVisible = 0;
			defaultConfigurationName = Release;
		};
		EC0F470C235B89AF00B1E60B /* Build configuration list for PBXNativeTarget "GitHubIssues" */ = {
			isa = XCConfigurationList;
			buildConfigurations = (
				EC0F470D235B89AF00B1E60B /* Debug */,
				EC0F470E235B89AF00B1E60B /* Release */,
			);
			defaultConfigurationIsVisible = 0;
			defaultConfigurationName = Release;
		};
		EC0F470F235B89AF00B1E60B /* Build configuration list for PBXNativeTarget "GitHubIssuesTests" */ = {
			isa = XCConfigurationList;
			buildConfigurations = (
				EC0F4710235B89AF00B1E60B /* Debug */,
				EC0F4711235B89AF00B1E60B /* Release */,
			);
			defaultConfigurationIsVisible = 0;
			defaultConfigurationName = Release;
		};
/* End XCConfigurationList section */
	};
	rootObject = EC0F46E5235B89AC00B1E60B /* Project object */;
}
